// !$*UTF8*$!
{
	archiveVersion = 1;
	classes = {
	};
	objectVersion = 77;
	objects = {

/* Begin PBXBuildFile section */
		08DCC9AF8B1F02AB1B151A39 /* CadenceSectionHeader.swift in Sources */ = {isa = PBXBuildFile; fileRef = AB51B73480AB0D7DE56A2E14 /* CadenceSectionHeader.swift */; };
		173A2E4772CBF95AA9597BA9 /* CadenceEnergyRow.swift in Sources */ = {isa = PBXBuildFile; fileRef = 38A7FA0AAE246170075F11D3 /* CadenceEnergyRow.swift */; };
		1CDF3EA45BA0A6C6C8472819 /* CadenceGroupedCard.swift in Sources */ = {isa = PBXBuildFile; fileRef = 4B43F494E0DD805B07C8237F /* CadenceGroupedCard.swift */; };
		22C6ABA7F947A308F8D6B5A6 /* CadenceApp.swift in Sources */ = {isa = PBXBuildFile; fileRef = 6F7A81DEBCC515437DE56C5B /* CadenceApp.swift */; };
		23B2C530D7B10241D769FE6F /* Fonts in Resources */ = {isa = PBXBuildFile; fileRef = 089F39558AB57FEA1FB9E8A2 /* Fonts */; };
		289DB9133878715F139944BB /* SharedLog.swift in Sources */ = {isa = PBXBuildFile; fileRef = 9C2B6504A03AA801032735F0 /* SharedLog.swift */; };
		28E458EF554469DF6A804BC5 /* CadenceTests.swift in Sources */ = {isa = PBXBuildFile; fileRef = 9880DDA2B852F0ED7E7ECC0F /* CadenceTests.swift */; };
		3807E0B55E291692C14D199F /* CadenceIconTile.swift in Sources */ = {isa = PBXBuildFile; fileRef = 88C3142FCD090B6F91573907 /* CadenceIconTile.swift */; };
		3B39F348922FEB97AE7513F9 /* CycleProfile.swift in Sources */ = {isa = PBXBuildFile; fileRef = 40A70FF951485E8B88698EF8 /* CycleProfile.swift */; };
		3CAA3BF8CB95C2120C64775F /* CadenceTokens.swift in Sources */ = {isa = PBXBuildFile; fileRef = A32DD8290358EF3C6E4A4CF4 /* CadenceTokens.swift */; };
		3E57A4433FAF662F14385E2D /* EncryptionServiceTests.swift in Sources */ = {isa = PBXBuildFile; fileRef = CF38A57EEC9FB4FA7335F183 /* EncryptionServiceTests.swift */; };
		41E84455D93A7D33D192EB96 /* CyclePhase.swift in Sources */ = {isa = PBXBuildFile; fileRef = 96CCB6005D981B5BC11C8A1E /* CyclePhase.swift */; };
		4836EA65B3D0863ADC382BD0 /* WelcomeView.swift in Sources */ = {isa = PBXBuildFile; fileRef = 80FFE28F1BE7617D949D0CC0 /* WelcomeView.swift */; };
		505F4C838CBD83D3BC566921 /* EncryptionService.swift in Sources */ = {isa = PBXBuildFile; fileRef = 188FC76DD3203309DFAD89FE /* EncryptionService.swift */; };
		546527210DB835F02D2206F0 /* RootView.swift in Sources */ = {isa = PBXBuildFile; fileRef = 4EAA8EE7DD7E9B04F2A73F9E /* RootView.swift */; };
		62205DA904FBA0A01A94D933 /* Font+Cadence.swift in Sources */ = {isa = PBXBuildFile; fileRef = 08F6B6294A3C1CB2E316751A /* Font+Cadence.swift */; };
		66E47B6A02039D5EAA59A594 /* InviteLink.swift in Sources */ = {isa = PBXBuildFile; fileRef = D68B5385FFD55D37D1BDDA25 /* InviteLink.swift */; };
		7B3CD51D7FDB8C62A55C6436 /* AppleSignInCoordinator.swift in Sources */ = {isa = PBXBuildFile; fileRef = F6BBC771D2B140F2D9794C39 /* AppleSignInCoordinator.swift */; };
		7C163443981FE2F21B5CC506 /* CadenceChip.swift in Sources */ = {isa = PBXBuildFile; fileRef = E7A25E13E53C9BC689C5E08E /* CadenceChip.swift */; };
		87CF6F3328540C3DE01B8273 /* CadenceHeroCard.swift in Sources */ = {isa = PBXBuildFile; fileRef = DD98C6BC4C1E4A300C950AF0 /* CadenceHeroCard.swift */; };
		8D8902E9EDADB7F9A4E6B1F4 /* ContentView.swift in Sources */ = {isa = PBXBuildFile; fileRef = EE12E0610D52C4F727FAAFFD /* ContentView.swift */; };
		96B6F59E748B0E03EC63EB82 /* CadenceAvatarCircle.swift in Sources */ = {isa = PBXBuildFile; fileRef = 687C87BBB7F17FD021B6E102 /* CadenceAvatarCircle.swift */; };
		9B13D3C0EE0E84BB56710141 /* EmailAuthView.swift in Sources */ = {isa = PBXBuildFile; fileRef = BD52009B9D9407C2821907F4 /* EmailAuthView.swift */; };
		9B738BA7E45D579C2382F74D /* CadenceUITests.swift in Sources */ = {isa = PBXBuildFile; fileRef = 8F1DE86724D4B243D0E61FDD /* CadenceUITests.swift */; };
		9F2C7F538E1143A1A786813D /* CadenceProgressDots.swift in Sources */ = {isa = PBXBuildFile; fileRef = BC10C2DE737B270E96193308 /* CadenceProgressDots.swift */; };
		A0B10965E26138F42C677BE1 /* PhosphorSwift in Frameworks */ = {isa = PBXBuildFile; productRef = 63BD81BDB51C7EB6DE95DB35 /* PhosphorSwift */; };
		A1339FF7147D9D8B43A747A0 /* Supabase.swift in Sources */ = {isa = PBXBuildFile; fileRef = 025A75D80144B072AD84822F /* Supabase.swift */; };
		A1C2D3E4F5061728394A5B6C /* ResetPasswordView.swift in Sources */ = {isa = PBXBuildFile; fileRef = B2D3E4F50617283940A5B6C7 /* ResetPasswordView.swift */; };
		B113799C232C97FAEFA5EFA8 /* Color+Cadence.swift in Sources */ = {isa = PBXBuildFile; fileRef = C259254050ABD2611807FF00 /* Color+Cadence.swift */; };
		B87EBF4964614E10F17854ED /* UserService.swift in Sources */ = {isa = PBXBuildFile; fileRef = 4A78DBB0BED3251058288220 /* UserService.swift */; };
		BB3A401186383362C0AF512B /* ButtonStyles.swift in Sources */ = {isa = PBXBuildFile; fileRef = A7AE60F456B694C5CE8EA7CE /* ButtonStyles.swift */; };
		C4319DEE040FFE4346B4B391 /* CadenceToggleRow.swift in Sources */ = {isa = PBXBuildFile; fileRef = 40368D2887BCEF67D61DC725 /* CadenceToggleRow.swift */; };
		CA7DEBC92273F86FC09DB926 /* Supabase in Frameworks */ = {isa = PBXBuildFile; productRef = 47DC5B319847E2250B78234F /* Supabase */; };
		CABEC207540840F49B8F3A9F /* CycleProfileService.swift in Sources */ = {isa = PBXBuildFile; fileRef = 5857609F835CBC6454256E21 /* CycleProfileService.swift */; };
		CBCC02A20D592DA12EA78269 /* SharingSettings.swift in Sources */ = {isa = PBXBuildFile; fileRef = 11BFBB1E678B490913416EE7 /* SharingSettings.swift */; };
		D13EB770524B91CBA3D57AAD /* CycleLogService.swift in Sources */ = {isa = PBXBuildFile; fileRef = 09C88CCA366585843ADBA858 /* CycleLogService.swift */; };
		D4E5F67890ABCDEF12345678 /* Assets.xcassets in Resources */ = {isa = PBXBuildFile; fileRef = F8A1B2C3D4E5F67890ABCDEF /* Assets.xcassets */; };
		DA18D83940DD16DBF4F05333 /* DesignSystemPreview.swift in Sources */ = {isa = PBXBuildFile; fileRef = CA1E907AC7B7E11BCBD40A16 /* DesignSystemPreview.swift */; };
		DD176EBB693A5C4E8566C9F1 /* AuthViewModel.swift in Sources */ = {isa = PBXBuildFile; fileRef = 2071FB4A9FE784EDC041D4F6 /* AuthViewModel.swift */; };
		E6044D1CD85CF9443C22194C /* CadenceSupabaseError.swift in Sources */ = {isa = PBXBuildFile; fileRef = 7C730450BAD37724707F7C99 /* CadenceSupabaseError.swift */; };
		E64F953D5A007688407DC859 /* CadenceUser.swift in Sources */ = {isa = PBXBuildFile; fileRef = 0613D9A2FFA3DE93A79CAA6F /* CadenceUser.swift */; };
		EDC38C42F4AC3B388C3DC3F0 /* CadenceFlowRow.swift in Sources */ = {isa = PBXBuildFile; fileRef = 8262C963414151BE057B1E02 /* CadenceFlowRow.swift */; };
		F026932B5CC0C6D5299D476F /* PartnerConnection.swift in Sources */ = {isa = PBXBuildFile; fileRef = 8C9034E82538388296E24DF3 /* PartnerConnection.swift */; };
		F0E659CB35CBB56B8697E438 /* CycleLog.swift in Sources */ = {isa = PBXBuildFile; fileRef = 966D1994827177693D6A0301 /* CycleLog.swift */; };
		F19DE76A62850BBD09F253F7 /* CadencePartnerHeroCard.swift in Sources */ = {isa = PBXBuildFile; fileRef = 59541F56BB74507B4EDE2892 /* CadencePartnerHeroCard.swift */; };
		F52A452F9BDD5B7CFB0A6687 /* EmailValidator.swift in Sources */ = {isa = PBXBuildFile; fileRef = 456F4964B446B523B90AD80A /* EmailValidator.swift */; };
		F7F484AB4B8546A8CEBDCDDE /* CadenceSegmentButton.swift in Sources */ = {isa = PBXBuildFile; fileRef = 291E4AA84C6C3B02259146C0 /* CadenceSegmentButton.swift */; };
/* End PBXBuildFile section */

/* Begin PBXContainerItemProxy section */
		2545F026B05945D5E8F1168B /* PBXContainerItemProxy */ = {
			isa = PBXContainerItemProxy;
			containerPortal = 9FA114BF81E88A4D01B65D31 /* Project object */;
			proxyType = 1;
			remoteGlobalIDString = 1D9D0CF3C214130166213D80;
			remoteInfo = Cadence;
		};
		690B1C47F49DC7098F27DBE4 /* PBXContainerItemProxy */ = {
			isa = PBXContainerItemProxy;
			containerPortal = 9FA114BF81E88A4D01B65D31 /* Project object */;
			proxyType = 1;
			remoteGlobalIDString = 1D9D0CF3C214130166213D80;
			remoteInfo = Cadence;
		};
/* End PBXContainerItemProxy section */

/* Begin PBXFileReference section */
		025A75D80144B072AD84822F /* Supabase.swift */ = {isa = PBXFileReference; lastKnownFileType = sourcecode.swift; path = Supabase.swift; sourceTree = "<group>"; };
		0613D9A2FFA3DE93A79CAA6F /* CadenceUser.swift */ = {isa = PBXFileReference; lastKnownFileType = sourcecode.swift; path = CadenceUser.swift; sourceTree = "<group>"; };
		089F39558AB57FEA1FB9E8A2 /* Fonts */ = {isa = PBXFileReference; lastKnownFileType = folder; name = Fonts; path = Cadence/Fonts; sourceTree = SOURCE_ROOT; };
		08F6B6294A3C1CB2E316751A /* Font+Cadence.swift */ = {isa = PBXFileReference; lastKnownFileType = sourcecode.swift; path = "Font+Cadence.swift"; sourceTree = "<group>"; };
		09C88CCA366585843ADBA858 /* CycleLogService.swift */ = {isa = PBXFileReference; lastKnownFileType = sourcecode.swift; path = CycleLogService.swift; sourceTree = "<group>"; };
		11BFBB1E678B490913416EE7 /* SharingSettings.swift */ = {isa = PBXFileReference; lastKnownFileType = sourcecode.swift; path = SharingSettings.swift; sourceTree = "<group>"; };
		188FC76DD3203309DFAD89FE /* EncryptionService.swift */ = {isa = PBXFileReference; lastKnownFileType = sourcecode.swift; path = EncryptionService.swift; sourceTree = "<group>"; };
		2071FB4A9FE784EDC041D4F6 /* AuthViewModel.swift */ = {isa = PBXFileReference; lastKnownFileType = sourcecode.swift; path = AuthViewModel.swift; sourceTree = "<group>"; };
		2747B5C0BD75EFECA1D2569B /* Cadence.app */ = {isa = PBXFileReference; explicitFileType = wrapper.application; includeInIndex = 0; path = Cadence.app; sourceTree = BUILT_PRODUCTS_DIR; };
		291E4AA84C6C3B02259146C0 /* CadenceSegmentButton.swift */ = {isa = PBXFileReference; lastKnownFileType = sourcecode.swift; path = CadenceSegmentButton.swift; sourceTree = "<group>"; };
		38A7FA0AAE246170075F11D3 /* CadenceEnergyRow.swift */ = {isa = PBXFileReference; lastKnownFileType = sourcecode.swift; path = CadenceEnergyRow.swift; sourceTree = "<group>"; };
		40368D2887BCEF67D61DC725 /* CadenceToggleRow.swift */ = {isa = PBXFileReference; lastKnownFileType = sourcecode.swift; path = CadenceToggleRow.swift; sourceTree = "<group>"; };
		40A70FF951485E8B88698EF8 /* CycleProfile.swift */ = {isa = PBXFileReference; lastKnownFileType = sourcecode.swift; path = CycleProfile.swift; sourceTree = "<group>"; };
		456F4964B446B523B90AD80A /* EmailValidator.swift */ = {isa = PBXFileReference; lastKnownFileType = sourcecode.swift; name = EmailValidator.swift; path = Cadence/Sources/Auth/EmailValidator.swift; sourceTree = SOURCE_ROOT; };
		4A78DBB0BED3251058288220 /* UserService.swift */ = {isa = PBXFileReference; lastKnownFileType = sourcecode.swift; path = UserService.swift; sourceTree = "<group>"; };
		4B43F494E0DD805B07C8237F /* CadenceGroupedCard.swift */ = {isa = PBXFileReference; lastKnownFileType = sourcecode.swift; path = CadenceGroupedCard.swift; sourceTree = "<group>"; };
		4EAA8EE7DD7E9B04F2A73F9E /* RootView.swift */ = {isa = PBXFileReference; lastKnownFileType = sourcecode.swift; path = RootView.swift; sourceTree = "<group>"; };
		4F456433D2A424E6A501E1CC /* CadenceUITests.xctest */ = {isa = PBXFileReference; explicitFileType = wrapper.cfbundle; includeInIndex = 0; path = CadenceUITests.xctest; sourceTree = BUILT_PRODUCTS_DIR; };
		53DC5566E2688823A894040D /* CadenceTests.xctest */ = {isa = PBXFileReference; explicitFileType = wrapper.cfbundle; includeInIndex = 0; path = CadenceTests.xctest; sourceTree = BUILT_PRODUCTS_DIR; };
		5857609F835CBC6454256E21 /* CycleProfileService.swift */ = {isa = PBXFileReference; lastKnownFileType = sourcecode.swift; path = CycleProfileService.swift; sourceTree = "<group>"; };
		59541F56BB74507B4EDE2892 /* CadencePartnerHeroCard.swift */ = {isa = PBXFileReference; lastKnownFileType = sourcecode.swift; path = CadencePartnerHeroCard.swift; sourceTree = "<group>"; };
		687C87BBB7F17FD021B6E102 /* CadenceAvatarCircle.swift */ = {isa = PBXFileReference; lastKnownFileType = sourcecode.swift; path = CadenceAvatarCircle.swift; sourceTree = "<group>"; };
		6F7A81DEBCC515437DE56C5B /* CadenceApp.swift */ = {isa = PBXFileReference; lastKnownFileType = sourcecode.swift; path = CadenceApp.swift; sourceTree = "<group>"; };
		7C730450BAD37724707F7C99 /* CadenceSupabaseError.swift */ = {isa = PBXFileReference; lastKnownFileType = sourcecode.swift; path = CadenceSupabaseError.swift; sourceTree = "<group>"; };
		80FFE28F1BE7617D949D0CC0 /* WelcomeView.swift */ = {isa = PBXFileReference; lastKnownFileType = sourcecode.swift; path = WelcomeView.swift; sourceTree = "<group>"; };
		8262C963414151BE057B1E02 /* CadenceFlowRow.swift */ = {isa = PBXFileReference; lastKnownFileType = sourcecode.swift; path = CadenceFlowRow.swift; sourceTree = "<group>"; };
		88C3142FCD090B6F91573907 /* CadenceIconTile.swift */ = {isa = PBXFileReference; lastKnownFileType = sourcecode.swift; path = CadenceIconTile.swift; sourceTree = "<group>"; };
		8C9034E82538388296E24DF3 /* PartnerConnection.swift */ = {isa = PBXFileReference; lastKnownFileType = sourcecode.swift; path = PartnerConnection.swift; sourceTree = "<group>"; };
		8F1DE86724D4B243D0E61FDD /* CadenceUITests.swift */ = {isa = PBXFileReference; lastKnownFileType = sourcecode.swift; path = CadenceUITests.swift; sourceTree = "<group>"; };
		966D1994827177693D6A0301 /* CycleLog.swift */ = {isa = PBXFileReference; lastKnownFileType = sourcecode.swift; path = CycleLog.swift; sourceTree = "<group>"; };
		96CCB6005D981B5BC11C8A1E /* CyclePhase.swift */ = {isa = PBXFileReference; lastKnownFileType = sourcecode.swift; path = CyclePhase.swift; sourceTree = "<group>"; };
		9880DDA2B852F0ED7E7ECC0F /* CadenceTests.swift */ = {isa = PBXFileReference; lastKnownFileType = sourcecode.swift; path = CadenceTests.swift; sourceTree = "<group>"; };
		998821507A17686BDC11A37A /* Debug.xcconfig */ = {isa = PBXFileReference; lastKnownFileType = text.xcconfig; path = Debug.xcconfig; sourceTree = "<group>"; };
		9C2B6504A03AA801032735F0 /* SharedLog.swift */ = {isa = PBXFileReference; lastKnownFileType = sourcecode.swift; path = SharedLog.swift; sourceTree = "<group>"; };
		A32DD8290358EF3C6E4A4CF4 /* CadenceTokens.swift */ = {isa = PBXFileReference; lastKnownFileType = sourcecode.swift; path = CadenceTokens.swift; sourceTree = "<group>"; };
		A7AE60F456B694C5CE8EA7CE /* ButtonStyles.swift */ = {isa = PBXFileReference; lastKnownFileType = sourcecode.swift; path = ButtonStyles.swift; sourceTree = "<group>"; };
		AB51B73480AB0D7DE56A2E14 /* CadenceSectionHeader.swift */ = {isa = PBXFileReference; lastKnownFileType = sourcecode.swift; path = CadenceSectionHeader.swift; sourceTree = "<group>"; };
		B2D3E4F50617283940A5B6C7 /* ResetPasswordView.swift */ = {isa = PBXFileReference; lastKnownFileType = sourcecode.swift; path = ResetPasswordView.swift; sourceTree = "<group>"; };
		BC10C2DE737B270E96193308 /* CadenceProgressDots.swift */ = {isa = PBXFileReference; lastKnownFileType = sourcecode.swift; path = CadenceProgressDots.swift; sourceTree = "<group>"; };
		BD52009B9D9407C2821907F4 /* EmailAuthView.swift */ = {isa = PBXFileReference; lastKnownFileType = sourcecode.swift; path = EmailAuthView.swift; sourceTree = "<group>"; };
		C259254050ABD2611807FF00 /* Color+Cadence.swift */ = {isa = PBXFileReference; lastKnownFileType = sourcecode.swift; path = "Color+Cadence.swift"; sourceTree = "<group>"; };
		CA1E907AC7B7E11BCBD40A16 /* DesignSystemPreview.swift */ = {isa = PBXFileReference; lastKnownFileType = sourcecode.swift; path = DesignSystemPreview.swift; sourceTree = "<group>"; };
		CF38A57EEC9FB4FA7335F183 /* EncryptionServiceTests.swift */ = {isa = PBXFileReference; lastKnownFileType = sourcecode.swift; path = EncryptionServiceTests.swift; sourceTree = "<group>"; };
		D68B5385FFD55D37D1BDDA25 /* InviteLink.swift */ = {isa = PBXFileReference; lastKnownFileType = sourcecode.swift; path = InviteLink.swift; sourceTree = "<group>"; };
		DD98C6BC4C1E4A300C950AF0 /* CadenceHeroCard.swift */ = {isa = PBXFileReference; lastKnownFileType = sourcecode.swift; path = CadenceHeroCard.swift; sourceTree = "<group>"; };
		DDB227624E9820560B400EC7 /* Release.xcconfig */ = {isa = PBXFileReference; lastKnownFileType = text.xcconfig; path = Release.xcconfig; sourceTree = "<group>"; };
		E7A25E13E53C9BC689C5E08E /* CadenceChip.swift */ = {isa = PBXFileReference; lastKnownFileType = sourcecode.swift; path = CadenceChip.swift; sourceTree = "<group>"; };
		EE12E0610D52C4F727FAAFFD /* ContentView.swift */ = {isa = PBXFileReference; lastKnownFileType = sourcecode.swift; path = ContentView.swift; sourceTree = "<group>"; };
		F6BBC771D2B140F2D9794C39 /* AppleSignInCoordinator.swift */ = {isa = PBXFileReference; lastKnownFileType = sourcecode.swift; path = AppleSignInCoordinator.swift; sourceTree = "<group>"; };
		F8A1B2C3D4E5F67890ABCDEF /* Assets.xcassets */ = {isa = PBXFileReference; lastKnownFileType = folder.assetcatalog; name = Assets.xcassets; path = Cadence/Resources/Assets.xcassets; sourceTree = SOURCE_ROOT; };
/* End PBXFileReference section */

/* Begin PBXFrameworksBuildPhase section */
		56B76F527BA1B0C195D380DB /* Frameworks */ = {
			isa = PBXFrameworksBuildPhase;
			buildActionMask = 2147483647;
			files = (
				CA7DEBC92273F86FC09DB926 /* Supabase in Frameworks */,
				A0B10965E26138F42C677BE1 /* PhosphorSwift in Frameworks */,
			);
			runOnlyForDeploymentPostprocessing = 0;
		};
/* End PBXFrameworksBuildPhase section */

/* Begin PBXGroup section */
		101C4A96CD1B541BD4BF25D3 /* Sources */ = {
			isa = PBXGroup;
			children = (
				6F7A81DEBCC515437DE56C5B /* CadenceApp.swift */,
				EE12E0610D52C4F727FAAFFD /* ContentView.swift */,
				81082953F1B6DDA70475C8CC /* App */,
				5B9674EC1AA8E04B1D183A0E /* Auth */,
				FDEC2C82C08BE089C5619D7D /* DesignSystem */,
				E693CC2E07994C83D9F74040 /* Models */,
				11EB37EA1F372555425F5CFE /* Services */,
			);
			name = Sources;
			path = Cadence/Sources;
			sourceTree = "<group>";
		};
		11EB37EA1F372555425F5CFE /* Services */ = {
			isa = PBXGroup;
			children = (
				7C730450BAD37724707F7C99 /* CadenceSupabaseError.swift */,
				09C88CCA366585843ADBA858 /* CycleLogService.swift */,
				5857609F835CBC6454256E21 /* CycleProfileService.swift */,
				188FC76DD3203309DFAD89FE /* EncryptionService.swift */,
				025A75D80144B072AD84822F /* Supabase.swift */,
				4A78DBB0BED3251058288220 /* UserService.swift */,
			);
			path = Services;
			sourceTree = "<group>";
		};
		374814B8ACA93D26517161EA /* Config */ = {
			isa = PBXGroup;
			children = (
				998821507A17686BDC11A37A /* Debug.xcconfig */,
				DDB227624E9820560B400EC7 /* Release.xcconfig */,
			);
			path = Config;
			sourceTree = "<group>";
		};
		474DB1E3FA7ECC764925DA48 /* CadenceTests */ = {
			isa = PBXGroup;
			children = (
				9880DDA2B852F0ED7E7ECC0F /* CadenceTests.swift */,
				CF38A57EEC9FB4FA7335F183 /* EncryptionServiceTests.swift */,
			);
			path = CadenceTests;
			sourceTree = "<group>";
		};
		548C43A05E35ABEBD2EECEFE /* Components */ = {
			isa = PBXGroup;
			children = (
				687C87BBB7F17FD021B6E102 /* CadenceAvatarCircle.swift */,
				E7A25E13E53C9BC689C5E08E /* CadenceChip.swift */,
				38A7FA0AAE246170075F11D3 /* CadenceEnergyRow.swift */,
				8262C963414151BE057B1E02 /* CadenceFlowRow.swift */,
				4B43F494E0DD805B07C8237F /* CadenceGroupedCard.swift */,
				DD98C6BC4C1E4A300C950AF0 /* CadenceHeroCard.swift */,
				88C3142FCD090B6F91573907 /* CadenceIconTile.swift */,
				59541F56BB74507B4EDE2892 /* CadencePartnerHeroCard.swift */,
				BC10C2DE737B270E96193308 /* CadenceProgressDots.swift */,
				AB51B73480AB0D7DE56A2E14 /* CadenceSectionHeader.swift */,
				291E4AA84C6C3B02259146C0 /* CadenceSegmentButton.swift */,
				40368D2887BCEF67D61DC725 /* CadenceToggleRow.swift */,
			);
			path = Components;
			sourceTree = "<group>";
		};
		5B9674EC1AA8E04B1D183A0E /* Auth */ = {
			isa = PBXGroup;
			children = (
				F6BBC771D2B140F2D9794C39 /* AppleSignInCoordinator.swift */,
				2071FB4A9FE784EDC041D4F6 /* AuthViewModel.swift */,
				BD52009B9D9407C2821907F4 /* EmailAuthView.swift */,
				B2D3E4F50617283940A5B6C7 /* ResetPasswordView.swift */,
				80FFE28F1BE7617D949D0CC0 /* WelcomeView.swift */,
			);
			path = Auth;
			sourceTree = "<group>";
		};
		6A9F1C3B6267176F20AE4B03 = {
			isa = PBXGroup;
			children = (
				F8A1B2C3D4E5F67890ABCDEF /* Assets.xcassets */,
				089F39558AB57FEA1FB9E8A2 /* Fonts */,
				474DB1E3FA7ECC764925DA48 /* CadenceTests */,
				7C881514491CD8DE1546F688 /* CadenceUITests */,
				374814B8ACA93D26517161EA /* Config */,
				101C4A96CD1B541BD4BF25D3 /* Sources */,
				ADFE63F9A7B11522B6C8E81A /* Products */,
				456F4964B446B523B90AD80A /* EmailValidator.swift */,
			);
			sourceTree = "<group>";
		};
		7C881514491CD8DE1546F688 /* CadenceUITests */ = {
			isa = PBXGroup;
			children = (
				8F1DE86724D4B243D0E61FDD /* CadenceUITests.swift */,
			);
			path = CadenceUITests;
			sourceTree = "<group>";
		};
		81082953F1B6DDA70475C8CC /* App */ = {
			isa = PBXGroup;
			children = (
				4EAA8EE7DD7E9B04F2A73F9E /* RootView.swift */,
			);
			path = App;
			sourceTree = "<group>";
		};
		ADFE63F9A7B11522B6C8E81A /* Products */ = {
			isa = PBXGroup;
			children = (
				2747B5C0BD75EFECA1D2569B /* Cadence.app */,
				53DC5566E2688823A894040D /* CadenceTests.xctest */,
				4F456433D2A424E6A501E1CC /* CadenceUITests.xctest */,
			);
			name = Products;
			sourceTree = "<group>";
		};
		E693CC2E07994C83D9F74040 /* Models */ = {
			isa = PBXGroup;
			children = (
				0613D9A2FFA3DE93A79CAA6F /* CadenceUser.swift */,
				966D1994827177693D6A0301 /* CycleLog.swift */,
				40A70FF951485E8B88698EF8 /* CycleProfile.swift */,
				D68B5385FFD55D37D1BDDA25 /* InviteLink.swift */,
				8C9034E82538388296E24DF3 /* PartnerConnection.swift */,
				9C2B6504A03AA801032735F0 /* SharedLog.swift */,
				11BFBB1E678B490913416EE7 /* SharingSettings.swift */,
			);
			path = Models;
			sourceTree = "<group>";
		};
		FDEC2C82C08BE089C5619D7D /* DesignSystem */ = {
			isa = PBXGroup;
			children = (
				A7AE60F456B694C5CE8EA7CE /* ButtonStyles.swift */,
				A32DD8290358EF3C6E4A4CF4 /* CadenceTokens.swift */,
				C259254050ABD2611807FF00 /* Color+Cadence.swift */,
				96CCB6005D981B5BC11C8A1E /* CyclePhase.swift */,
				CA1E907AC7B7E11BCBD40A16 /* DesignSystemPreview.swift */,
				08F6B6294A3C1CB2E316751A /* Font+Cadence.swift */,
				548C43A05E35ABEBD2EECEFE /* Components */,
			);
			path = DesignSystem;
			sourceTree = "<group>";
		};
/* End PBXGroup section */

/* Begin PBXNativeTarget section */
		1D9D0CF3C214130166213D80 /* Cadence */ = {
			isa = PBXNativeTarget;
			buildConfigurationList = 07126B28B5B904C139BBD128 /* Build configuration list for PBXNativeTarget "Cadence" */;
			buildPhases = (
				1F5350DE3B53E65CAAF89D1D /* Sources */,
				BFA5A0EE784FE6F59E5E0293 /* Resources */,
				56B76F527BA1B0C195D380DB /* Frameworks */,
			);
			buildRules = (
			);
			dependencies = (
			);
			name = Cadence;
			packageProductDependencies = (
				47DC5B319847E2250B78234F /* Supabase */,
				63BD81BDB51C7EB6DE95DB35 /* PhosphorSwift */,
			);
			productName = Cadence;
			productReference = 2747B5C0BD75EFECA1D2569B /* Cadence.app */;
			productType = "com.apple.product-type.application";
		};
		2E3CAA181D5100DFBBBB5CE1 /* CadenceUITests */ = {
			isa = PBXNativeTarget;
			buildConfigurationList = 97FFA9ED78584659D73C73D1 /* Build configuration list for PBXNativeTarget "CadenceUITests" */;
			buildPhases = (
				1BD5AA8178D9E39E5E0957C9 /* Sources */,
			);
			buildRules = (
			);
			dependencies = (
				2C4A050CAD1405004413D20E /* PBXTargetDependency */,
			);
			name = CadenceUITests;
			packageProductDependencies = (
			);
			productName = CadenceUITests;
			productReference = 4F456433D2A424E6A501E1CC /* CadenceUITests.xctest */;
			productType = "com.apple.product-type.bundle.ui-testing";
		};
		3C958ED18FAE60638046C026 /* CadenceTests */ = {
			isa = PBXNativeTarget;
			buildConfigurationList = 66B1F7C89C12897815378340 /* Build configuration list for PBXNativeTarget "CadenceTests" */;
			buildPhases = (
				94943CCF8CDAF6F711DB61FA /* Sources */,
			);
			buildRules = (
			);
			dependencies = (
				EFC1C557A6F407EF2ED1660D /* PBXTargetDependency */,
			);
			name = CadenceTests;
			packageProductDependencies = (
			);
			productName = CadenceTests;
			productReference = 53DC5566E2688823A894040D /* CadenceTests.xctest */;
			productType = "com.apple.product-type.bundle.unit-test";
		};
/* End PBXNativeTarget section */

/* Begin PBXProject section */
		9FA114BF81E88A4D01B65D31 /* Project object */ = {
			isa = PBXProject;
			attributes = {
				BuildIndependentTargetsInParallel = YES;
				LastUpgradeCheck = 2640;
				TargetAttributes = {
					1D9D0CF3C214130166213D80 = {
						DevelopmentTeam = WWDLQL8W8W;
						ProvisioningStyle = Automatic;
					};
					2E3CAA181D5100DFBBBB5CE1 = {
						DevelopmentTeam = WWDLQL8W8W;
						ProvisioningStyle = Automatic;
						TestTargetID = 1D9D0CF3C214130166213D80;
					};
					3C958ED18FAE60638046C026 = {
						DevelopmentTeam = WWDLQL8W8W;
						ProvisioningStyle = Automatic;
					};
				};
			};
			buildConfigurationList = 6735F591880E2DF1BC393107 /* Build configuration list for PBXProject "Cadence" */;
			developmentRegion = en;
			hasScannedForEncodings = 0;
			knownRegions = (
				Base,
				en,
			);
			mainGroup = 6A9F1C3B6267176F20AE4B03;
			minimizedProjectReferenceProxies = 1;
			packageReferences = (
				F6D85FC1EBA5D66B58FEF355 /* XCRemoteSwiftPackageReference "swift" */,
				45A20CE77C7291472E42CB63 /* XCRemoteSwiftPackageReference "supabase-swift" */,
			);
			preferredProjectObjectVersion = 77;
			productRefGroup = ADFE63F9A7B11522B6C8E81A /* Products */;
			projectDirPath = "";
			projectRoot = "";
			targets = (
				1D9D0CF3C214130166213D80 /* Cadence */,
				3C958ED18FAE60638046C026 /* CadenceTests */,
				2E3CAA181D5100DFBBBB5CE1 /* CadenceUITests */,
			);
		};
/* End PBXProject section */

/* Begin PBXResourcesBuildPhase section */
		BFA5A0EE784FE6F59E5E0293 /* Resources */ = {
			isa = PBXResourcesBuildPhase;
			buildActionMask = 2147483647;
			files = (
				D4E5F67890ABCDEF12345678 /* Assets.xcassets in Resources */,
				23B2C530D7B10241D769FE6F /* Fonts in Resources */,
			);
			runOnlyForDeploymentPostprocessing = 0;
		};
/* End PBXResourcesBuildPhase section */

/* Begin PBXSourcesBuildPhase section */
		1BD5AA8178D9E39E5E0957C9 /* Sources */ = {
			isa = PBXSourcesBuildPhase;
			buildActionMask = 2147483647;
			files = (
				9B738BA7E45D579C2382F74D /* CadenceUITests.swift in Sources */,
			);
			runOnlyForDeploymentPostprocessing = 0;
		};
		1F5350DE3B53E65CAAF89D1D /* Sources */ = {
			isa = PBXSourcesBuildPhase;
			buildActionMask = 2147483647;
			files = (
				7B3CD51D7FDB8C62A55C6436 /* AppleSignInCoordinator.swift in Sources */,
				DD176EBB693A5C4E8566C9F1 /* AuthViewModel.swift in Sources */,
				BB3A401186383362C0AF512B /* ButtonStyles.swift in Sources */,
				22C6ABA7F947A308F8D6B5A6 /* CadenceApp.swift in Sources */,
				96B6F59E748B0E03EC63EB82 /* CadenceAvatarCircle.swift in Sources */,
				7C163443981FE2F21B5CC506 /* CadenceChip.swift in Sources */,
				173A2E4772CBF95AA9597BA9 /* CadenceEnergyRow.swift in Sources */,
				EDC38C42F4AC3B388C3DC3F0 /* CadenceFlowRow.swift in Sources */,
				1CDF3EA45BA0A6C6C8472819 /* CadenceGroupedCard.swift in Sources */,
				87CF6F3328540C3DE01B8273 /* CadenceHeroCard.swift in Sources */,
				3807E0B55E291692C14D199F /* CadenceIconTile.swift in Sources */,
				F19DE76A62850BBD09F253F7 /* CadencePartnerHeroCard.swift in Sources */,
				9F2C7F538E1143A1A786813D /* CadenceProgressDots.swift in Sources */,
				08DCC9AF8B1F02AB1B151A39 /* CadenceSectionHeader.swift in Sources */,
				F7F484AB4B8546A8CEBDCDDE /* CadenceSegmentButton.swift in Sources */,
				E6044D1CD85CF9443C22194C /* CadenceSupabaseError.swift in Sources */,
				C4319DEE040FFE4346B4B391 /* CadenceToggleRow.swift in Sources */,
				3CAA3BF8CB95C2120C64775F /* CadenceTokens.swift in Sources */,
				E64F953D5A007688407DC859 /* CadenceUser.swift in Sources */,
				B113799C232C97FAEFA5EFA8 /* Color+Cadence.swift in Sources */,
				8D8902E9EDADB7F9A4E6B1F4 /* ContentView.swift in Sources */,
				F0E659CB35CBB56B8697E438 /* CycleLog.swift in Sources */,
				D13EB770524B91CBA3D57AAD /* CycleLogService.swift in Sources */,
				41E84455D93A7D33D192EB96 /* CyclePhase.swift in Sources */,
				3B39F348922FEB97AE7513F9 /* CycleProfile.swift in Sources */,
				CABEC207540840F49B8F3A9F /* CycleProfileService.swift in Sources */,
				DA18D83940DD16DBF4F05333 /* DesignSystemPreview.swift in Sources */,
				9B13D3C0EE0E84BB56710141 /* EmailAuthView.swift in Sources */,
				A1C2D3E4F5061728394A5B6C /* ResetPasswordView.swift in Sources */,
				505F4C838CBD83D3BC566921 /* EncryptionService.swift in Sources */,
				62205DA904FBA0A01A94D933 /* Font+Cadence.swift in Sources */,
				66E47B6A02039D5EAA59A594 /* InviteLink.swift in Sources */,
				F026932B5CC0C6D5299D476F /* PartnerConnection.swift in Sources */,
				546527210DB835F02D2206F0 /* RootView.swift in Sources */,
				289DB9133878715F139944BB /* SharedLog.swift in Sources */,
				CBCC02A20D592DA12EA78269 /* SharingSettings.swift in Sources */,
				A1339FF7147D9D8B43A747A0 /* Supabase.swift in Sources */,
				B87EBF4964614E10F17854ED /* UserService.swift in Sources */,
				4836EA65B3D0863ADC382BD0 /* WelcomeView.swift in Sources */,
				F52A452F9BDD5B7CFB0A6687 /* EmailValidator.swift in Sources */,
			);
			runOnlyForDeploymentPostprocessing = 0;
		};
		94943CCF8CDAF6F711DB61FA /* Sources */ = {
			isa = PBXSourcesBuildPhase;
			buildActionMask = 2147483647;
			files = (
				28E458EF554469DF6A804BC5 /* CadenceTests.swift in Sources */,
				3E57A4433FAF662F14385E2D /* EncryptionServiceTests.swift in Sources */,
			);
			runOnlyForDeploymentPostprocessing = 0;
		};
/* End PBXSourcesBuildPhase section */

/* Begin PBXTargetDependency section */
		2C4A050CAD1405004413D20E /* PBXTargetDependency */ = {
			isa = PBXTargetDependency;
			target = 1D9D0CF3C214130166213D80 /* Cadence */;
			targetProxy = 2545F026B05945D5E8F1168B /* PBXContainerItemProxy */;
		};
		EFC1C557A6F407EF2ED1660D /* PBXTargetDependency */ = {
			isa = PBXTargetDependency;
			target = 1D9D0CF3C214130166213D80 /* Cadence */;
			targetProxy = 690B1C47F49DC7098F27DBE4 /* PBXContainerItemProxy */;
		};
/* End PBXTargetDependency section */

/* Begin XCBuildConfiguration section */
		0AC6D37A18265C6868E862C8 /* Debug */ = {
			isa = XCBuildConfiguration;
			buildSettings = {
				ASSETCATALOG_COMPILER_APPICON_NAME = AppIcon;
				ASSETCATALOG_COMPILER_GLOBAL_ACCENT_COLOR_NAME = AccentColor;
				ASSETCATALOG_COMPILER_INCLUDE_ALL_APPICON_ASSETS = YES;
				CODE_SIGN_ENTITLEMENTS = Cadence/Cadence.entitlements;
				CODE_SIGN_IDENTITY = "iPhone Developer";
				CURRENT_PROJECT_VERSION = 1;
				INFOPLIST_FILE = Cadence/Info.plist;
				LD_RUNPATH_SEARCH_PATHS = (
					"$(inherited)",
					"@executable_path/Frameworks",
				);
				MARKETING_VERSION = 1.0.0;
				PRODUCT_BUNDLE_IDENTIFIER = com.dineshd.cadence;
				SDKROOT = iphoneos;
				TARGETED_DEVICE_FAMILY = 1;
			};
			name = Debug;
		};
		66FA57B5F57FFDBD1C1E8963 /* Release */ = {
			isa = XCBuildConfiguration;
			buildSettings = {
				ASSETCATALOG_COMPILER_APPICON_NAME = AppIcon;
				ASSETCATALOG_COMPILER_GLOBAL_ACCENT_COLOR_NAME = AccentColor;
				ASSETCATALOG_COMPILER_INCLUDE_ALL_APPICON_ASSETS = YES;
				CODE_SIGN_ENTITLEMENTS = Cadence/Cadence.entitlements;
				CODE_SIGN_IDENTITY = "iPhone Developer";
				CURRENT_PROJECT_VERSION = 1;
				INFOPLIST_FILE = Cadence/Info.plist;
				LD_RUNPATH_SEARCH_PATHS = (
					"$(inherited)",
					"@executable_path/Frameworks",
				);
				MARKETING_VERSION = 1.0.0;
				PRODUCT_BUNDLE_IDENTIFIER = com.dineshd.cadence;
				SDKROOT = iphoneos;
				TARGETED_DEVICE_FAMILY = 1;
			};
			name = Release;
		};
		9DBE9E0079A7DB194A03BF0C /* Release */ = {
			isa = XCBuildConfiguration;
			baseConfigurationReference = DDB227624E9820560B400EC7 /* Release.xcconfig */;
			buildSettings = {
				ALWAYS_SEARCH_USER_PATHS = NO;
				CLANG_ANALYZER_NONNULL = YES;
				CLANG_ANALYZER_NUMBER_OBJECT_CONVERSION = YES_AGGRESSIVE;
				CLANG_CXX_LANGUAGE_STANDARD = "gnu++14";
				CLANG_CXX_LIBRARY = "libc++";
				CLANG_ENABLE_MODULES = YES;
				CLANG_ENABLE_OBJC_ARC = YES;
				CLANG_ENABLE_OBJC_WEAK = YES;
				CLANG_WARN_BLOCK_CAPTURE_AUTORELEASING = YES;
				CLANG_WARN_BOOL_CONVERSION = YES;
				CLANG_WARN_COMMA = YES;
				CLANG_WARN_CONSTANT_CONVERSION = YES;
				CLANG_WARN_DEPRECATED_OBJC_IMPLEMENTATIONS = YES;
				CLANG_WARN_DIRECT_OBJC_ISA_USAGE = YES_ERROR;
				CLANG_WARN_DOCUMENTATION_COMMENTS = YES;
				CLANG_WARN_EMPTY_BODY = YES;
				CLANG_WARN_ENUM_CONVERSION = YES;
				CLANG_WARN_INFINITE_RECURSION = YES;
				CLANG_WARN_INT_CONVERSION = YES;
				CLANG_WARN_NON_LITERAL_NULL_CONVERSION = YES;
				CLANG_WARN_OBJC_IMPLICIT_RETAIN_SELF = YES;
				CLANG_WARN_OBJC_LITERAL_CONVERSION = YES;
				CLANG_WARN_OBJC_ROOT_CLASS = YES_ERROR;
				CLANG_WARN_QUOTED_INCLUDE_IN_FRAMEWORK_HEADER = YES;
				CLANG_WARN_RANGE_LOOP_ANALYSIS = YES;
				CLANG_WARN_STRICT_PROTOTYPES = YES;
				CLANG_WARN_SUSPICIOUS_MOVE = YES;
				CLANG_WARN_UNGUARDED_AVAILABILITY = YES_AGGRESSIVE;
				CLANG_WARN_UNREACHABLE_CODE = YES;
				CLANG_WARN__DUPLICATE_METHOD_MATCH = YES;
				CODE_SIGN_STYLE = Automatic;
				COPY_PHASE_STRIP = NO;
				DEBUG_INFORMATION_FORMAT = "dwarf-with-dsym";
				DEVELOPMENT_TEAM = WWDLQL8W8W;
				ENABLE_NS_ASSERTIONS = NO;
				ENABLE_STRICT_OBJC_MSGSEND = YES;
				GCC_C_LANGUAGE_STANDARD = gnu11;
				GCC_NO_COMMON_BLOCKS = YES;
				GCC_WARN_64_TO_32_BIT_CONVERSION = YES;
				GCC_WARN_ABOUT_RETURN_TYPE = YES_ERROR;
				GCC_WARN_UNDECLARED_SELECTOR = YES;
				GCC_WARN_UNINITIALIZED_AUTOS = YES_AGGRESSIVE;
				GCC_WARN_UNUSED_FUNCTION = YES;
				GCC_WARN_UNUSED_VARIABLE = YES;
				IPHONEOS_DEPLOYMENT_TARGET = 26.0;
				MTL_ENABLE_DEBUG_INFO = NO;
				MTL_FAST_MATH = YES;
				PRODUCT_NAME = "$(TARGET_NAME)";
				SDKROOT = iphoneos;
				SWIFT_COMPILATION_MODE = wholemodule;
				SWIFT_OPTIMIZATION_LEVEL = "-O";
				SWIFT_VERSION = 5.9;
			};
			name = Release;
		};
		A38A095653F045528829CF0C /* Debug */ = {
			isa = XCBuildConfiguration;
			buildSettings = {
				BUNDLE_LOADER = "$(TEST_HOST)";
				GENERATE_INFOPLIST_FILE = YES;
				LD_RUNPATH_SEARCH_PATHS = (
					"$(inherited)",
					"@executable_path/Frameworks",
					"@loader_path/Frameworks",
				);
				PRODUCT_BUNDLE_IDENTIFIER = com.dineshd.cadence.uitests;
				SDKROOT = iphoneos;
				TARGETED_DEVICE_FAMILY = 1;
				TEST_TARGET_NAME = Cadence;
			};
			name = Debug;
		};
		A689E1BC11344A42CCA247B3 /* Debug */ = {
			isa = XCBuildConfiguration;
			buildSettings = {
				BUNDLE_LOADER = "$(TEST_HOST)";
				GENERATE_INFOPLIST_FILE = YES;
				LD_RUNPATH_SEARCH_PATHS = (
					"$(inherited)",
					"@executable_path/Frameworks",
					"@loader_path/Frameworks",
				);
				PRODUCT_BUNDLE_IDENTIFIER = com.dineshd.cadence.tests;
				SDKROOT = iphoneos;
				TARGETED_DEVICE_FAMILY = 1;
				TEST_HOST = "$(BUILT_PRODUCTS_DIR)/Cadence.app/Cadence";
			};
			name = Debug;
		};
		B5B3D1AA68DA1BC4864376F8 /* Release */ = {
			isa = XCBuildConfiguration;
			buildSettings = {
				BUNDLE_LOADER = "$(TEST_HOST)";
				GENERATE_INFOPLIST_FILE = YES;
				LD_RUNPATH_SEARCH_PATHS = (
					"$(inherited)",
					"@executable_path/Frameworks",
					"@loader_path/Frameworks",
				);
				PRODUCT_BUNDLE_IDENTIFIER = com.dineshd.cadence.uitests;
				SDKROOT = iphoneos;
				TARGETED_DEVICE_FAMILY = 1;
				TEST_TARGET_NAME = Cadence;
			};
			name = Release;
		};
		C78721ED836CA881972A504D /* Debug */ = {
			isa = XCBuildConfiguration;
			baseConfigurationReference = 998821507A17686BDC11A37A /* Debug.xcconfig */;
			buildSettings = {
				ALWAYS_SEARCH_USER_PATHS = NO;
				CLANG_ANALYZER_NONNULL = YES;
				CLANG_ANALYZER_NUMBER_OBJECT_CONVERSION = YES_AGGRESSIVE;
				CLANG_CXX_LANGUAGE_STANDARD = "gnu++14";
				CLANG_CXX_LIBRARY = "libc++";
				CLANG_ENABLE_MODULES = YES;
				CLANG_ENABLE_OBJC_ARC = YES;
				CLANG_ENABLE_OBJC_WEAK = YES;
				CLANG_WARN_BLOCK_CAPTURE_AUTORELEASING = YES;
				CLANG_WARN_BOOL_CONVERSION = YES;
				CLANG_WARN_COMMA = YES;
				CLANG_WARN_CONSTANT_CONVERSION = YES;
				CLANG_WARN_DEPRECATED_OBJC_IMPLEMENTATIONS = YES;
				CLANG_WARN_DIRECT_OBJC_ISA_USAGE = YES_ERROR;
				CLANG_WARN_DOCUMENTATION_COMMENTS = YES;
				CLANG_WARN_EMPTY_BODY = YES;
				CLANG_WARN_ENUM_CONVERSION = YES;
				CLANG_WARN_INFINITE_RECURSION = YES;
				CLANG_WARN_INT_CONVERSION = YES;
				CLANG_WARN_NON_LITERAL_NULL_CONVERSION = YES;
				CLANG_WARN_OBJC_IMPLICIT_RETAIN_SELF = YES;
				CLANG_WARN_OBJC_LITERAL_CONVERSION = YES;
				CLANG_WARN_OBJC_ROOT_CLASS = YES_ERROR;
				CLANG_WARN_QUOTED_INCLUDE_IN_FRAMEWORK_HEADER = YES;
				CLANG_WARN_RANGE_LOOP_ANALYSIS = YES;
				CLANG_WARN_STRICT_PROTOTYPES = YES;
				CLANG_WARN_SUSPICIOUS_MOVE = YES;
				CLANG_WARN_UNGUARDED_AVAILABILITY = YES_AGGRESSIVE;
				CLANG_WARN_UNREACHABLE_CODE = YES;
				CLANG_WARN__DUPLICATE_METHOD_MATCH = YES;
				CODE_SIGN_STYLE = Automatic;
				COPY_PHASE_STRIP = NO;
				DEBUG_INFORMATION_FORMAT = dwarf;
				DEVELOPMENT_TEAM = WWDLQL8W8W;
				ENABLE_STRICT_OBJC_MSGSEND = YES;
				ENABLE_TESTABILITY = YES;
				GCC_C_LANGUAGE_STANDARD = gnu11;
				GCC_DYNAMIC_NO_PIC = NO;
				GCC_NO_COMMON_BLOCKS = YES;
				GCC_OPTIMIZATION_LEVEL = 0;
				GCC_PREPROCESSOR_DEFINITIONS = (
					"$(inherited)",
					"DEBUG=1",
				);
				GCC_WARN_64_TO_32_BIT_CONVERSION = YES;
				GCC_WARN_ABOUT_RETURN_TYPE = YES_ERROR;
				GCC_WARN_UNDECLARED_SELECTOR = YES;
				GCC_WARN_UNINITIALIZED_AUTOS = YES_AGGRESSIVE;
				GCC_WARN_UNUSED_FUNCTION = YES;
				GCC_WARN_UNUSED_VARIABLE = YES;
				IPHONEOS_DEPLOYMENT_TARGET = 26.0;
				MTL_ENABLE_DEBUG_INFO = INCLUDE_SOURCE;
				MTL_FAST_MATH = YES;
				ONLY_ACTIVE_ARCH = YES;
				PRODUCT_NAME = "$(TARGET_NAME)";
				SDKROOT = iphoneos;
				SWIFT_ACTIVE_COMPILATION_CONDITIONS = DEBUG;
				SWIFT_OPTIMIZATION_LEVEL = "-Onone";
				SWIFT_VERSION = 5.9;
			};
			name = Debug;
		};
		D702FB8328777E6F85191BAA /* Release */ = {
			isa = XCBuildConfiguration;
			buildSettings = {
				BUNDLE_LOADER = "$(TEST_HOST)";
				GENERATE_INFOPLIST_FILE = YES;
				LD_RUNPATH_SEARCH_PATHS = (
					"$(inherited)",
					"@executable_path/Frameworks",
					"@loader_path/Frameworks",
				);
				PRODUCT_BUNDLE_IDENTIFIER = com.dineshd.cadence.tests;
				SDKROOT = iphoneos;
				TARGETED_DEVICE_FAMILY = 1;
				TEST_HOST = "$(BUILT_PRODUCTS_DIR)/Cadence.app/Cadence";
			};
			name = Release;
		};
/* End XCBuildConfiguration section */

/* Begin XCConfigurationList section */
		07126B28B5B904C139BBD128 /* Build configuration list for PBXNativeTarget "Cadence" */ = {
			isa = XCConfigurationList;
			buildConfigurations = (
				0AC6D37A18265C6868E862C8 /* Debug */,
				66FA57B5F57FFDBD1C1E8963 /* Release */,
			);
			defaultConfigurationIsVisible = 0;
			defaultConfigurationName = Debug;
		};
		66B1F7C89C12897815378340 /* Build configuration list for PBXNativeTarget "CadenceTests" */ = {
			isa = XCConfigurationList;
			buildConfigurations = (
				A689E1BC11344A42CCA247B3 /* Debug */,
				D702FB8328777E6F85191BAA /* Release */,
			);
			defaultConfigurationIsVisible = 0;
			defaultConfigurationName = Debug;
		};
		6735F591880E2DF1BC393107 /* Build configuration list for PBXProject "Cadence" */ = {
			isa = XCConfigurationList;
			buildConfigurations = (
				C78721ED836CA881972A504D /* Debug */,
				9DBE9E0079A7DB194A03BF0C /* Release */,
			);
			defaultConfigurationIsVisible = 0;
			defaultConfigurationName = Debug;
		};
		97FFA9ED78584659D73C73D1 /* Build configuration list for PBXNativeTarget "CadenceUITests" */ = {
			isa = XCConfigurationList;
			buildConfigurations = (
				A38A095653F045528829CF0C /* Debug */,
				B5B3D1AA68DA1BC4864376F8 /* Release */,
			);
			defaultConfigurationIsVisible = 0;
			defaultConfigurationName = Debug;
		};
/* End XCConfigurationList section */

/* Begin XCRemoteSwiftPackageReference section */
		45A20CE77C7291472E42CB63 /* XCRemoteSwiftPackageReference "supabase-swift" */ = {
			isa = XCRemoteSwiftPackageReference;
			repositoryURL = "https://github.com/supabase/supabase-swift";
			requirement = {
				kind = exactVersion;
				version = 2.43.0;
			};
		};
		F6D85FC1EBA5D66B58FEF355 /* XCRemoteSwiftPackageReference "swift" */ = {
			isa = XCRemoteSwiftPackageReference;
			repositoryURL = "https://github.com/phosphor-icons/swift";
			requirement = {
				kind = upToNextMajorVersion;
				minimumVersion = 2.1.0;
			};
		};
/* End XCRemoteSwiftPackageReference section */

/* Begin XCSwiftPackageProductDependency section */
		47DC5B319847E2250B78234F /* Supabase */ = {
			isa = XCSwiftPackageProductDependency;
			package = 45A20CE77C7291472E42CB63 /* XCRemoteSwiftPackageReference "supabase-swift" */;
			productName = Supabase;
		};
		63BD81BDB51C7EB6DE95DB35 /* PhosphorSwift */ = {
			isa = XCSwiftPackageProductDependency;
			package = F6D85FC1EBA5D66B58FEF355 /* XCRemoteSwiftPackageReference "swift" */;
			productName = PhosphorSwift;
		};
/* End XCSwiftPackageProductDependency section */
	};
	rootObject = 9FA114BF81E88A4D01B65D31 /* Project object */;
}
